
Microsoft Visual Studio Solution File, Format Version 11.00
# Visual C# Express 2010
Project("{FAE04EC0-301F-11D3-BF4B-00C04F79EFBC}") = "SnakeRawrRawr", "SnakeRawrRaw\SnakeRawrRawr\SnakeRawrRawr.csproj", "{8EE60605-E289-48FE-B28F-88DD69B04A9C}"
EndProject
Project("{96E2B04D-8817-42C6-938A-82C39BA4D311}") = "SnakeRawrRawrContent", "SnakeRawrRaw\SnakeRawrRawrContent\SnakeRawrRawrContent.contentproj", "{A7267496-5026-45E5-BD45-9F8F2A7F2122}"
EndProject
Global
	GlobalSection(SolutionConfigurationPlatforms) = preSolution
		Debug|Any CPU = Debug|Any CPU
		Debug|x86 = Debug|x86
		Release|Any CPU = Release|Any CPU
		Release|x86 = Release|x86
	EndGlobalSection
	GlobalSection(ProjectConfigurationPlatforms) = postSolution
		{8EE60605-E289-48FE-B28F-88DD69B04A9C}.Debug|Any CPU.ActiveCfg = Debug|x86
		{8EE60605-E289-48FE-B28F-88DD69B04A9C}.Debug|x86.ActiveCfg = Debug|x86
		{8EE60605-E289-48FE-B28F-88DD69B04A9C}.Debug|x86.Build.0 = Debug|x86
		{8EE60605-E289-48FE-B28F-88DD69B04A9C}.Release|Any CPU.ActiveCfg = Release|x86
		{8EE60605-E289-48FE-B28F-88DD69B04A9C}.Release|x86.ActiveCfg = Release|x86
		{8EE60605-E289-48FE-B28F-88DD69B04A9C}.Release|x86.Build.0 = Release|x86
		{A7267496-5026-45E5-BD45-9F8F2A7F2122}.Debug|Any CPU.ActiveCfg = Debug|Any CPU
		{A7267496-5026-45E5-BD45-9F8F2A7F2122}.Debug|x86.ActiveCfg = Debug|Any CPU
		{A7267496-5026-45E5-BD45-9F8F2A7F2122}.Release|Any CPU.ActiveCfg = Debug|Any CPU
		{A7267496-5026-45E5-BD45-9F8F2A7F2122}.Release|x86.ActiveCfg = Debug|Any CPU
	EndGlobalSection
	GlobalSection(SolutionProperties) = preSolution
		HideSolutionNode = FALSE
	EndGlobalSection
EndGlobal
